
Microsoft Visual Studio Solution File, Format Version 12.00
# Visual Studio 2013
VisualStudioVersion = 12.0.21005.1
MinimumVisualStudioVersion = 10.0.40219.1
Project("{FAE04EC0-301F-11D3-BF4B-00C04F79EFBC}") = "HelloworldLib", "HelloworldLib\HelloworldLib.csproj", "{5FD43AC0-78A3-4B99-BB4A-34B842881343}"
EndProject
Project("{FAE04EC0-301F-11D3-BF4B-00C04F79EFBC}") = "HelloWorldConsole", "HelloWorldConsole\HelloWorldConsole.csproj", "{68B95A15-8371-4798-8315-121DC5BAD496}"
EndProject
Project("{FAE04EC0-301F-11D3-BF4B-00C04F79EFBC}") = "HelloworldTest", "HelloworldTest\HelloworldTest.csproj", "{4437A765-8CB6-4F70-AB8E-EC1F9049B541}"
EndProject
Global
	GlobalSection(SolutionConfigurationPlatforms) = preSolution
		Debug|Any CPU = Debug|Any CPU
		Debug|Mixed Platforms = Debug|Mixed Platforms
		Debug|x86 = Debug|x86
		Release|Any CPU = Release|Any CPU
		Release|Mixed Platforms = Release|Mixed Platforms
		Release|x86 = Release|x86
	EndGlobalSection
	GlobalSection(ProjectConfigurationPlatforms) = postSolution
		{5FD43AC0-78A3-4B99-BB4A-34B842881343}.Debug|Any CPU.ActiveCfg = Debug|Any CPU
		{5FD43AC0-78A3-4B99-BB4A-34B842881343}.Debug|Any CPU.Build.0 = Debug|Any CPU
		{5FD43AC0-78A3-4B99-BB4A-34B842881343}.Debug|Mixed Platforms.ActiveCfg = Debug|Any CPU
		{5FD43AC0-78A3-4B99-BB4A-34B842881343}.Debug|Mixed Platforms.Build.0 = Debug|Any CPU
		{5FD43AC0-78A3-4B99-BB4A-34B842881343}.Debug|x86.ActiveCfg = Debug|Any CPU
		{5FD43AC0-78A3-4B99-BB4A-34B842881343}.Release|Any CPU.ActiveCfg = Release|Any CPU
		{5FD43AC0-78A3-4B99-BB4A-34B842881343}.Release|Any CPU.Build.0 = Release|Any CPU
		{5FD43AC0-78A3-4B99-BB4A-34B842881343}.Release|Mixed Platforms.ActiveCfg = Release|Any CPU
		{5FD43AC0-78A3-4B99-BB4A-34B842881343}.Release|Mixed Platforms.Build.0 = Release|Any CPU
		{5FD43AC0-78A3-4B99-BB4A-34B842881343}.Release|x86.ActiveCfg = Release|Any CPU
		{68B95A15-8371-4798-8315-121DC5BAD496}.Debug|Any CPU.ActiveCfg = Debug|Any CPU
		{68B95A15-8371-4798-8315-121DC5BAD496}.Debug|Any CPU.Build.0 = Debug|Any CPU
		{68B95A15-8371-4798-8315-121DC5BAD496}.Debug|Mixed Platforms.ActiveCfg = Debug|Any CPU
		{68B95A15-8371-4798-8315-121DC5BAD496}.Debug|Mixed Platforms.Build.0 = Debug|Any CPU
		{68B95A15-8371-4798-8315-121DC5BAD496}.Debug|x86.ActiveCfg = Debug|Any CPU
		{68B95A15-8371-4798-8315-121DC5BAD496}.Release|Any CPU.ActiveCfg = Release|Any CPU
		{68B95A15-8371-4798-8315-121DC5BAD496}.Release|Any CPU.Build.0 = Release|Any CPU
		{68B95A15-8371-4798-8315-121DC5BAD496}.Release|Mixed Platforms.ActiveCfg = Release|Any CPU
		{68B95A15-8371-4798-8315-121DC5BAD496}.Release|Mixed Platforms.Build.0 = Release|Any CPU
		{68B95A15-8371-4798-8315-121DC5BAD496}.Release|x86.ActiveCfg = Release|Any CPU
		{4437A765-8CB6-4F70-AB8E-EC1F9049B541}.Debug|Any CPU.ActiveCfg = Debug|Any CPU
		{4437A765-8CB6-4F70-AB8E-EC1F9049B541}.Debug|Any CPU.Build.0 = Debug|Any CPU
		{4437A765-8CB6-4F70-AB8E-EC1F9049B541}.Debug|Mixed Platforms.ActiveCfg = Debug|Any CPU
		{4437A765-8CB6-4F70-AB8E-EC1F9049B541}.Debug|Mixed Platforms.Build.0 = Debug|Any CPU
		{4437A765-8CB6-4F70-AB8E-EC1F9049B541}.Debug|x86.ActiveCfg = Debug|Any CPU
		{4437A765-8CB6-4F70-AB8E-EC1F9049B541}.Release|Any CPU.ActiveCfg = Release|Any CPU
		{4437A765-8CB6-4F70-AB8E-EC1F9049B541}.Release|Any CPU.Build.0 = Release|Any CPU
		{4437A765-8CB6-4F70-AB8E-EC1F9049B541}.Release|Mixed Platforms.ActiveCfg = Release|Any CPU
		{4437A765-8CB6-4F70-AB8E-EC1F9049B541}.Release|Mixed Platforms.Build.0 = Release|Any CPU
		{4437A765-8CB6-4F70-AB8E-EC1F9049B541}.Release|x86.ActiveCfg = Release|Any CPU
	EndGlobalSection
	GlobalSection(SolutionProperties) = preSolution
		HideSolutionNode = FALSE
	EndGlobalSection
EndGlobal
